
Microsoft Visual Studio Solution File, Format Version 12.00
# Visual Studio Version 17
VisualStudioVersion = 17.5.33530.505
MinimumVisualStudioVersion = 10.0.40219.1
Project("{FAE04EC0-301F-11D3-BF4B-00C04F79EFBC}") = "ConsoleApp122-2023-10-05", "ConsoleApp122-2023-10-05\ConsoleApp122-2023-10-05.csproj", "{8323104F-9555-425A-B9BF-14CF0D81C6EE}"
EndProject
Global
	GlobalSection(SolutionConfigurationPlatforms) = preSolution
		Debug|Any CPU = Debug|Any CPU
		Release|Any CPU = Release|Any CPU
	EndGlobalSection
	GlobalSection(ProjectConfigurationPlatforms) = postSolution
		{8323104F-9555-425A-B9BF-14CF0D81C6EE}.Debug|Any CPU.ActiveCfg = Debug|Any CPU
		{8323104F-9555-425A-B9BF-14CF0D81C6EE}.Debug|Any CPU.Build.0 = Debug|Any CPU
		{8323104F-9555-425A-B9BF-14CF0D81C6EE}.Release|Any CPU.ActiveCfg = Release|Any CPU
		{8323104F-9555-425A-B9BF-14CF0D81C6EE}.Release|Any CPU.Build.0 = Release|Any CPU
	EndGlobalSection
	GlobalSection(SolutionProperties) = preSolution
		HideSolutionNode = FALSE
	EndGlobalSection
	GlobalSection(ExtensibilityGlobals) = postSolution
		SolutionGuid = {66260461-90D6-480E-A212-043C6C6D1F3A}
	EndGlobalSection
EndGlobal
